
Microsoft Visual Studio Solution File, Format Version 12.00
# Visual Studio Version 16
VisualStudioVersion = 16.0.29306.81
MinimumVisualStudioVersion = 10.0.40219.1
Project("{FAE04EC0-301F-11D3-BF4B-00C04F79EFBC}") = "ArregloBubbles", "ArregloBubbles\ArregloBubbles.csproj", "{51E4C78D-A253-41F0-9411-6B865CF5C78B}"
EndProject
Global
	GlobalSection(SolutionConfigurationPlatforms) = preSolution
		Debug|Any CPU = Debug|Any CPU
		Release|Any CPU = Release|Any CPU
	EndGlobalSection
	GlobalSection(ProjectConfigurationPlatforms) = postSolution
		{51E4C78D-A253-41F0-9411-6B865CF5C78B}.Debug|Any CPU.ActiveCfg = Debug|Any CPU
		{51E4C78D-A253-41F0-9411-6B865CF5C78B}.Debug|Any CPU.Build.0 = Debug|Any CPU
		{51E4C78D-A253-41F0-9411-6B865CF5C78B}.Release|Any CPU.ActiveCfg = Release|Any CPU
		{51E4C78D-A253-41F0-9411-6B865CF5C78B}.Release|Any CPU.Build.0 = Release|Any CPU
	EndGlobalSection
	GlobalSection(SolutionProperties) = preSolution
		HideSolutionNode = FALSE
	EndGlobalSection
	GlobalSection(ExtensibilityGlobals) = postSolution
		SolutionGuid = {13734A89-EAE5-45CE-B4E1-852AA514F66A}
	EndGlobalSection
EndGlobal
